// !$*UTF8*$!
{
	archiveVersion = 1;
	classes = {
	};
	objectVersion = 56;
	objects = {

/* Begin PBXBuildFile section */
		7A230487291C7A3C00F299E0 /* TodoTableViewCell.swift in Sources */ = {isa = PBXBuildFile; fileRef = 7A230486291C7A3C00F299E0 /* TodoTableViewCell.swift */; };
		7A23048D291E095200F299E0 /* PastTaskTableViewCell.swift in Sources */ = {isa = PBXBuildFile; fileRef = 7A23048C291E095200F299E0 /* PastTaskTableViewCell.swift */; };
		7A23048F291EA4BE00F299E0 /* TaskDetailViewController.swift in Sources */ = {isa = PBXBuildFile; fileRef = 7A23048E291EA4BE00F299E0 /* TaskDetailViewController.swift */; };
		7A230491291EB08400F299E0 /* helpers.swift in Sources */ = {isa = PBXBuildFile; fileRef = 7A230490291EB08400F299E0 /* helpers.swift */; };
		7AD478B6291C33C2004B4043 /* AppDelegate.swift in Sources */ = {isa = PBXBuildFile; fileRef = 7AD478B5291C33C2004B4043 /* AppDelegate.swift */; };
		7AD478B8291C33C2004B4043 /* SceneDelegate.swift in Sources */ = {isa = PBXBuildFile; fileRef = 7AD478B7291C33C2004B4043 /* SceneDelegate.swift */; };
		7AD478BA291C33C2004B4043 /* ViewController.swift in Sources */ = {isa = PBXBuildFile; fileRef = 7AD478B9291C33C2004B4043 /* ViewController.swift */; };
		7AD478BD291C33C2004B4043 /* Main.storyboard in Resources */ = {isa = PBXBuildFile; fileRef = 7AD478BB291C33C2004B4043 /* Main.storyboard */; };
		7AD478BF291C33C2004B4043 /* Assets.xcassets in Resources */ = {isa = PBXBuildFile; fileRef = 7AD478BE291C33C2004B4043 /* Assets.xcassets */; };
		7AD478C2291C33C2004B4043 /* LaunchScreen.storyboard in Resources */ = {isa = PBXBuildFile; fileRef = 7AD478C0291C33C2004B4043 /* LaunchScreen.storyboard */; };
		7AD478CC291C3F5C004B4043 /* Todo.swift in Sources */ = {isa = PBXBuildFile; fileRef = 7AD478CB291C3F5C004B4043 /* Todo.swift */; };
		B1DEEBAD292C034B0002AFE4 /* TodoDatabase.swift in Sources */ = {isa = PBXBuildFile; fileRef = B1DEEBAC292C034B0002AFE4 /* TodoDatabase.swift */; };
		B1DEEBAF292C06350002AFE4 /* GoogleService-Info.plist in Resources */ = {isa = PBXBuildFile; fileRef = B1DEEBAE292C06340002AFE4 /* GoogleService-Info.plist */; };
		E68A6D2640DBC52F960FA7D9 /* Pods_MAPD714_TodoList.framework in Frameworks */ = {isa = PBXBuildFile; fileRef = 7EF92DB53E7ABA0D0595A2DE /* Pods_MAPD714_TodoList.framework */; };
/* End PBXBuildFile section */

/* Begin PBXFileReference section */
		1E205430B0885F189E504EC9 /* Pods-MAPD714-TodoList.release.xcconfig */ = {isa = PBXFileReference; includeInIndex = 1; lastKnownFileType = text.xcconfig; name = "Pods-MAPD714-TodoList.release.xcconfig"; path = "Target Support Files/Pods-MAPD714-TodoList/Pods-MAPD714-TodoList.release.xcconfig"; sourceTree = "<group>"; };
		4F7BBBA8CBD764D2185B8262 /* Pods-MAPD714-TodoList.debug.xcconfig */ = {isa = PBXFileReference; includeInIndex = 1; lastKnownFileType = text.xcconfig; name = "Pods-MAPD714-TodoList.debug.xcconfig"; path = "Target Support Files/Pods-MAPD714-TodoList/Pods-MAPD714-TodoList.debug.xcconfig"; sourceTree = "<group>"; };
		7A230486291C7A3C00F299E0 /* TodoTableViewCell.swift */ = {isa = PBXFileReference; lastKnownFileType = sourcecode.swift; path = TodoTableViewCell.swift; sourceTree = "<group>"; };
		7A23048C291E095200F299E0 /* PastTaskTableViewCell.swift */ = {isa = PBXFileReference; lastKnownFileType = sourcecode.swift; path = PastTaskTableViewCell.swift; sourceTree = "<group>"; };
		7A23048E291EA4BE00F299E0 /* TaskDetailViewController.swift */ = {isa = PBXFileReference; lastKnownFileType = sourcecode.swift; path = TaskDetailViewController.swift; sourceTree = "<group>"; };
		7A230490291EB08400F299E0 /* helpers.swift */ = {isa = PBXFileReference; lastKnownFileType = sourcecode.swift; path = helpers.swift; sourceTree = "<group>"; };
		7AD478B2291C33C2004B4043 /* MAPD714-TodoList.app */ = {isa = PBXFileReference; explicitFileType = wrapper.application; includeInIndex = 0; path = "MAPD714-TodoList.app"; sourceTree = BUILT_PRODUCTS_DIR; };
		7AD478B5291C33C2004B4043 /* AppDelegate.swift */ = {isa = PBXFileReference; lastKnownFileType = sourcecode.swift; path = AppDelegate.swift; sourceTree = "<group>"; };
		7AD478B7291C33C2004B4043 /* SceneDelegate.swift */ = {isa = PBXFileReference; lastKnownFileType = sourcecode.swift; path = SceneDelegate.swift; sourceTree = "<group>"; };
		7AD478B9291C33C2004B4043 /* ViewController.swift */ = {isa = PBXFileReference; lastKnownFileType = sourcecode.swift; path = ViewController.swift; sourceTree = "<group>"; };
		7AD478BC291C33C2004B4043 /* Base */ = {isa = PBXFileReference; lastKnownFileType = file.storyboard; name = Base; path = Base.lproj/Main.storyboard; sourceTree = "<group>"; };
		7AD478BE291C33C2004B4043 /* Assets.xcassets */ = {isa = PBXFileReference; lastKnownFileType = folder.assetcatalog; path = Assets.xcassets; sourceTree = "<group>"; };
		7AD478C1291C33C2004B4043 /* Base */ = {isa = PBXFileReference; lastKnownFileType = file.storyboard; name = Base; path = Base.lproj/LaunchScreen.storyboard; sourceTree = "<group>"; };
		7AD478C3291C33C2004B4043 /* Info.plist */ = {isa = PBXFileReference; lastKnownFileType = text.plist.xml; path = Info.plist; sourceTree = "<group>"; };
		7AD478CB291C3F5C004B4043 /* Todo.swift */ = {isa = PBXFileReference; lastKnownFileType = sourcecode.swift; path = Todo.swift; sourceTree = "<group>"; };
		7EF92DB53E7ABA0D0595A2DE /* Pods_MAPD714_TodoList.framework */ = {isa = PBXFileReference; explicitFileType = wrapper.framework; includeInIndex = 0; path = Pods_MAPD714_TodoList.framework; sourceTree = BUILT_PRODUCTS_DIR; };
		B1DEEBAC292C034B0002AFE4 /* TodoDatabase.swift */ = {isa = PBXFileReference; lastKnownFileType = sourcecode.swift; path = TodoDatabase.swift; sourceTree = "<group>"; };
		B1DEEBAE292C06340002AFE4 /* GoogleService-Info.plist */ = {isa = PBXFileReference; fileEncoding = 4; lastKnownFileType = text.plist.xml; name = "GoogleService-Info.plist"; path = "../../../../../Downloads/GoogleService-Info.plist"; sourceTree = "<group>"; };
/* End PBXFileReference section */

/* Begin PBXFrameworksBuildPhase section */
		7AD478AF291C33C2004B4043 /* Frameworks */ = {
			isa = PBXFrameworksBuildPhase;
			buildActionMask = 2147483647;
			files = (
				E68A6D2640DBC52F960FA7D9 /* Pods_MAPD714_TodoList.framework in Frameworks */,
			);
			runOnlyForDeploymentPostprocessing = 0;
		};
/* End PBXFrameworksBuildPhase section */

/* Begin PBXGroup section */
		4711277330F1DE7FF901364A /* Frameworks */ = {
			isa = PBXGroup;
			children = (
				7EF92DB53E7ABA0D0595A2DE /* Pods_MAPD714_TodoList.framework */,
			);
			name = Frameworks;
			sourceTree = "<group>";
		};
		7AD478A9291C33C2004B4043 = {
			isa = PBXGroup;
			children = (
				7AD478B4291C33C2004B4043 /* MAPD714-TodoList */,
				7AD478B3291C33C2004B4043 /* Products */,
				831936D94CFD6B31C73377E7 /* Pods */,
				4711277330F1DE7FF901364A /* Frameworks */,
			);
			sourceTree = "<group>";
		};
		7AD478B3291C33C2004B4043 /* Products */ = {
			isa = PBXGroup;
			children = (
				7AD478B2291C33C2004B4043 /* MAPD714-TodoList.app */,
			);
			name = Products;
			sourceTree = "<group>";
		};
		7AD478B4291C33C2004B4043 /* MAPD714-TodoList */ = {
			isa = PBXGroup;
			children = (
				B1DEEBAB292C030E0002AFE4 /* Database */,
				7A230490291EB08400F299E0 /* helpers.swift */,
				7AD478CB291C3F5C004B4043 /* Todo.swift */,
				7AD478B5291C33C2004B4043 /* AppDelegate.swift */,
				7AD478B7291C33C2004B4043 /* SceneDelegate.swift */,
				7AD478B9291C33C2004B4043 /* ViewController.swift */,
				7A230486291C7A3C00F299E0 /* TodoTableViewCell.swift */,
				7A23048C291E095200F299E0 /* PastTaskTableViewCell.swift */,
				7A23048E291EA4BE00F299E0 /* TaskDetailViewController.swift */,
				7AD478BB291C33C2004B4043 /* Main.storyboard */,
				B1DEEBAE292C06340002AFE4 /* GoogleService-Info.plist */,
				7AD478BE291C33C2004B4043 /* Assets.xcassets */,
				7AD478C0291C33C2004B4043 /* LaunchScreen.storyboard */,
				7AD478C3291C33C2004B4043 /* Info.plist */,
			);
			path = "MAPD714-TodoList";
			sourceTree = "<group>";
		};
		831936D94CFD6B31C73377E7 /* Pods */ = {
			isa = PBXGroup;
			children = (
				4F7BBBA8CBD764D2185B8262 /* Pods-MAPD714-TodoList.debug.xcconfig */,
				1E205430B0885F189E504EC9 /* Pods-MAPD714-TodoList.release.xcconfig */,
			);
			path = Pods;
			sourceTree = "<group>";
		};
		B1DEEBAB292C030E0002AFE4 /* Database */ = {
			isa = PBXGroup;
			children = (
				B1DEEBAC292C034B0002AFE4 /* TodoDatabase.swift */,
			);
			path = Database;
			sourceTree = "<group>";
		};
/* End PBXGroup section */

/* Begin PBXNativeTarget section */
		7AD478B1291C33C2004B4043 /* MAPD714-TodoList */ = {
			isa = PBXNativeTarget;
			buildConfigurationList = 7AD478C6291C33C2004B4043 /* Build configuration list for PBXNativeTarget "MAPD714-TodoList" */;
			buildPhases = (
				67BF0812291CAC53BF243767 /* [CP] Check Pods Manifest.lock */,
				7AD478AE291C33C2004B4043 /* Sources */,
				7AD478AF291C33C2004B4043 /* Frameworks */,
				7AD478B0291C33C2004B4043 /* Resources */,
				D59BA36871669BD607F291BB /* [CP] Embed Pods Frameworks */,
			);
			buildRules = (
			);
			dependencies = (
			);
			name = "MAPD714-TodoList";
			packageProductDependencies = (
			);
			productName = "MAPD714-TodoList";
			productReference = 7AD478B2291C33C2004B4043 /* MAPD714-TodoList.app */;
			productType = "com.apple.product-type.application";
		};
/* End PBXNativeTarget section */

/* Begin PBXProject section */
		7AD478AA291C33C2004B4043 /* Project object */ = {
			isa = PBXProject;
			attributes = {
				BuildIndependentTargetsInParallel = 1;
				LastSwiftUpdateCheck = 1400;
				LastUpgradeCheck = 1400;
				TargetAttributes = {
					7AD478B1291C33C2004B4043 = {
						CreatedOnToolsVersion = 14.0.1;
					};
				};
			};
			buildConfigurationList = 7AD478AD291C33C2004B4043 /* Build configuration list for PBXProject "MAPD714-TodoList" */;
			compatibilityVersion = "Xcode 14.0";
			developmentRegion = en;
			hasScannedForEncodings = 0;
			knownRegions = (
				en,
				Base,
			);
			mainGroup = 7AD478A9291C33C2004B4043;
			packageReferences = (
				B1DEEBB0292C08A00002AFE4 /* XCRemoteSwiftPackageReference "firebase-ios-sdk" */,
			);
			productRefGroup = 7AD478B3291C33C2004B4043 /* Products */;
			projectDirPath = "";
			projectRoot = "";
			targets = (
				7AD478B1291C33C2004B4043 /* MAPD714-TodoList */,
			);
		};
/* End PBXProject section */

/* Begin PBXResourcesBuildPhase section */
		7AD478B0291C33C2004B4043 /* Resources */ = {
			isa = PBXResourcesBuildPhase;
			buildActionMask = 2147483647;
			files = (
				7AD478C2291C33C2004B4043 /* LaunchScreen.storyboard in Resources */,
				B1DEEBAF292C06350002AFE4 /* GoogleService-Info.plist in Resources */,
				7AD478BF291C33C2004B4043 /* Assets.xcassets in Resources */,
				7AD478BD291C33C2004B4043 /* Main.storyboard in Resources */,
			);
			runOnlyForDeploymentPostprocessing = 0;
		};
/* End PBXResourcesBuildPhase section */

/* Begin PBXShellScriptBuildPhase section */
		67BF0812291CAC53BF243767 /* [CP] Check Pods Manifest.lock */ = {
			isa = PBXShellScriptBuildPhase;
			buildActionMask = 2147483647;
			files = (
			);
			inputFileListPaths = (
			);
			inputPaths = (
				"${PODS_PODFILE_DIR_PATH}/Podfile.lock",
				"${PODS_ROOT}/Manifest.lock",
			);
			name = "[CP] Check Pods Manifest.lock";
			outputFileListPaths = (
			);
			outputPaths = (
				"$(DERIVED_FILE_DIR)/Pods-MAPD714-TodoList-checkManifestLockResult.txt",
			);
			runOnlyForDeploymentPostprocessing = 0;
			shellPath = /bin/sh;
			shellScript = "diff \"${PODS_PODFILE_DIR_PATH}/Podfile.lock\" \"${PODS_ROOT}/Manifest.lock\" > /dev/null\nif [ $? != 0 ] ; then\n    # print error to STDERR\n    echo \"error: The sandbox is not in sync with the Podfile.lock. Run 'pod install' or update your CocoaPods installation.\" >&2\n    exit 1\nfi\n# This output is used by Xcode 'outputs' to avoid re-running this script phase.\necho \"SUCCESS\" > \"${SCRIPT_OUTPUT_FILE_0}\"\n";
			showEnvVarsInLog = 0;
		};
		D59BA36871669BD607F291BB /* [CP] Embed Pods Frameworks */ = {
			isa = PBXShellScriptBuildPhase;
			buildActionMask = 2147483647;
			files = (
			);
			inputFileListPaths = (
				"${PODS_ROOT}/Target Support Files/Pods-MAPD714-TodoList/Pods-MAPD714-TodoList-frameworks-${CONFIGURATION}-input-files.xcfilelist",
			);
			name = "[CP] Embed Pods Frameworks";
			outputFileListPaths = (
				"${PODS_ROOT}/Target Support Files/Pods-MAPD714-TodoList/Pods-MAPD714-TodoList-frameworks-${CONFIGURATION}-output-files.xcfilelist",
			);
			runOnlyForDeploymentPostprocessing = 0;
			shellPath = /bin/sh;
			shellScript = "\"${PODS_ROOT}/Target Support Files/Pods-MAPD714-TodoList/Pods-MAPD714-TodoList-frameworks.sh\"\n";
			showEnvVarsInLog = 0;
		};
/* End PBXShellScriptBuildPhase section */

/* Begin PBXSourcesBuildPhase section */
		7AD478AE291C33C2004B4043 /* Sources */ = {
			isa = PBXSourcesBuildPhase;
			buildActionMask = 2147483647;
			files = (
				7A23048F291EA4BE00F299E0 /* TaskDetailViewController.swift in Sources */,
				7AD478BA291C33C2004B4043 /* ViewController.swift in Sources */,
				7AD478B6291C33C2004B4043 /* AppDelegate.swift in Sources */,
				7A230491291EB08400F299E0 /* helpers.swift in Sources */,
				7A23048D291E095200F299E0 /* PastTaskTableViewCell.swift in Sources */,
				7AD478B8291C33C2004B4043 /* SceneDelegate.swift in Sources */,
				B1DEEBAD292C034B0002AFE4 /* TodoDatabase.swift in Sources */,
				7A230487291C7A3C00F299E0 /* TodoTableViewCell.swift in Sources */,
				7AD478CC291C3F5C004B4043 /* Todo.swift in Sources */,
			);
			runOnlyForDeploymentPostprocessing = 0;
		};
/* End PBXSourcesBuildPhase section */

/* Begin PBXVariantGroup section */
		7AD478BB291C33C2004B4043 /* Main.storyboard */ = {
			isa = PBXVariantGroup;
			children = (
				7AD478BC291C33C2004B4043 /* Base */,
			);
			name = Main.storyboard;
			sourceTree = "<group>";
		};
		7AD478C0291C33C2004B4043 /* LaunchScreen.storyboard */ = {
			isa = PBXVariantGroup;
			children = (
				7AD478C1291C33C2004B4043 /* Base */,
			);
			name = LaunchScreen.storyboard;
			sourceTree = "<group>";
		};
/* End PBXVariantGroup section */

/* Begin XCBuildConfiguration section */
		7AD478C4291C33C2004B4043 /* Debug */ = {
			isa = XCBuildConfiguration;
			buildSettings = {
				ALWAYS_SEARCH_USER_PATHS = NO;
				CLANG_ANALYZER_NONNULL = YES;
				CLANG_ANALYZER_NUMBER_OBJECT_CONVERSION = YES_AGGRESSIVE;
				CLANG_CXX_LANGUAGE_STANDARD = "gnu++20";
				CLANG_ENABLE_MODULES = YES;
				CLANG_ENABLE_OBJC_ARC = YES;
				CLANG_ENABLE_OBJC_WEAK = YES;
				CLANG_WARN_BLOCK_CAPTURE_AUTORELEASING = YES;
				CLANG_WARN_BOOL_CONVERSION = YES;
				CLANG_WARN_COMMA = YES;
				CLANG_WARN_CONSTANT_CONVERSION = YES;
				CLANG_WARN_DEPRECATED_OBJC_IMPLEMENTATIONS = YES;
				CLANG_WARN_DIRECT_OBJC_ISA_USAGE = YES_ERROR;
				CLANG_WARN_DOCUMENTATION_COMMENTS = YES;
				CLANG_WARN_EMPTY_BODY = YES;
				CLANG_WARN_ENUM_CONVERSION = YES;
				CLANG_WARN_INFINITE_RECURSION = YES;
				CLANG_WARN_INT_CONVERSION = YES;
				CLANG_WARN_NON_LITERAL_NULL_CONVERSION = YES;
				CLANG_WARN_OBJC_IMPLICIT_RETAIN_SELF = YES;
				CLANG_WARN_OBJC_LITERAL_CONVERSION = YES;
				CLANG_WARN_OBJC_ROOT_CLASS = YES_ERROR;
				CLANG_WARN_QUOTED_INCLUDE_IN_FRAMEWORK_HEADER = YES;
				CLANG_WARN_RANGE_LOOP_ANALYSIS = YES;
				CLANG_WARN_STRICT_PROTOTYPES = YES;
				CLANG_WARN_SUSPICIOUS_MOVE = YES;
				CLANG_WARN_UNGUARDED_AVAILABILITY = YES_AGGRESSIVE;
				CLANG_WARN_UNREACHABLE_CODE = YES;
				CLANG_WARN__DUPLICATE_METHOD_MATCH = YES;
				COPY_PHASE_STRIP = NO;
				DEBUG_INFORMATION_FORMAT = dwarf;
				ENABLE_STRICT_OBJC_MSGSEND = YES;
				ENABLE_TESTABILITY = YES;
				GCC_C_LANGUAGE_STANDARD = gnu11;
				GCC_DYNAMIC_NO_PIC = NO;
				GCC_NO_COMMON_BLOCKS = YES;
				GCC_OPTIMIZATION_LEVEL = 0;
				GCC_PREPROCESSOR_DEFINITIONS = (
					"DEBUG=1",
					"$(inherited)",
				);
				GCC_WARN_64_TO_32_BIT_CONVERSION = YES;
				GCC_WARN_ABOUT_RETURN_TYPE = YES_ERROR;
				GCC_WARN_UNDECLARED_SELECTOR = YES;
				GCC_WARN_UNINITIALIZED_AUTOS = YES_AGGRESSIVE;
				GCC_WARN_UNUSED_FUNCTION = YES;
				GCC_WARN_UNUSED_VARIABLE = YES;
				IPHONEOS_DEPLOYMENT_TARGET = 16.0;
				MTL_ENABLE_DEBUG_INFO = INCLUDE_SOURCE;
				MTL_FAST_MATH = YES;
				ONLY_ACTIVE_ARCH = YES;
				SDKROOT = iphoneos;
				SWIFT_ACTIVE_COMPILATION_CONDITIONS = DEBUG;
				SWIFT_OPTIMIZATION_LEVEL = "-Onone";
			};
			name = Debug;
		};
		7AD478C5291C33C2004B4043 /* Release */ = {
			isa = XCBuildConfiguration;
			buildSettings = {
				ALWAYS_SEARCH_USER_PATHS = NO;
				CLANG_ANALYZER_NONNULL = YES;
				CLANG_ANALYZER_NUMBER_OBJECT_CONVERSION = YES_AGGRESSIVE;
				CLANG_CXX_LANGUAGE_STANDARD = "gnu++20";
				CLANG_ENABLE_MODULES = YES;
				CLANG_ENABLE_OBJC_ARC = YES;
				CLANG_ENABLE_OBJC_WEAK = YES;
				CLANG_WARN_BLOCK_CAPTURE_AUTORELEASING = YES;
				CLANG_WARN_BOOL_CONVERSION = YES;
				CLANG_WARN_COMMA = YES;
				CLANG_WARN_CONSTANT_CONVERSION = YES;
				CLANG_WARN_DEPRECATED_OBJC_IMPLEMENTATIONS = YES;
				CLANG_WARN_DIRECT_OBJC_ISA_USAGE = YES_ERROR;
				CLANG_WARN_DOCUMENTATION_COMMENTS = YES;
				CLANG_WARN_EMPTY_BODY = YES;
				CLANG_WARN_ENUM_CONVERSION = YES;
				CLANG_WARN_INFINITE_RECURSION = YES;
				CLANG_WARN_INT_CONVERSION = YES;
				CLANG_WARN_NON_LITERAL_NULL_CONVERSION = YES;
				CLANG_WARN_OBJC_IMPLICIT_RETAIN_SELF = YES;
				CLANG_WARN_OBJC_LITERAL_CONVERSION = YES;
				CLANG_WARN_OBJC_ROOT_CLASS = YES_ERROR;
				CLANG_WARN_QUOTED_INCLUDE_IN_FRAMEWORK_HEADER = YES;
				CLANG_WARN_RANGE_LOOP_ANALYSIS = YES;
				CLANG_WARN_STRICT_PROTOTYPES = YES;
				CLANG_WARN_SUSPICIOUS_MOVE = YES;
				CLANG_WARN_UNGUARDED_AVAILABILITY = YES_AGGRESSIVE;
				CLANG_WARN_UNREACHABLE_CODE = YES;
				CLANG_WARN__DUPLICATE_METHOD_MATCH = YES;
				COPY_PHASE_STRIP = NO;
				DEBUG_INFORMATION_FORMAT = "dwarf-with-dsym";
				ENABLE_NS_ASSERTIONS = NO;
				ENABLE_STRICT_OBJC_MSGSEND = YES;
				GCC_C_LANGUAGE_STANDARD = gnu11;
				GCC_NO_COMMON_BLOCKS = YES;
				GCC_WARN_64_TO_32_BIT_CONVERSION = YES;
				GCC_WARN_ABOUT_RETURN_TYPE = YES_ERROR;
				GCC_WARN_UNDECLARED_SELECTOR = YES;
				GCC_WARN_UNINITIALIZED_AUTOS = YES_AGGRESSIVE;
				GCC_WARN_UNUSED_FUNCTION = YES;
				GCC_WARN_UNUSED_VARIABLE = YES;
				IPHONEOS_DEPLOYMENT_TARGET = 16.0;
				MTL_ENABLE_DEBUG_INFO = NO;
				MTL_FAST_MATH = YES;
				SDKROOT = iphoneos;
				SWIFT_COMPILATION_MODE = wholemodule;
				SWIFT_OPTIMIZATION_LEVEL = "-O";
				VALIDATE_PRODUCT = YES;
			};
			name = Release;
		};
		7AD478C7291C33C2004B4043 /* Debug */ = {
			isa = XCBuildConfiguration;
			baseConfigurationReference = 4F7BBBA8CBD764D2185B8262 /* Pods-MAPD714-TodoList.debug.xcconfig */;
			buildSettings = {
				ASSETCATALOG_COMPILER_APPICON_NAME = AppIcon;
				ASSETCATALOG_COMPILER_GLOBAL_ACCENT_COLOR_NAME = AccentColor;
				CODE_SIGN_STYLE = Automatic;
				CURRENT_PROJECT_VERSION = 1;
				DEVELOPMENT_TEAM = 9MR3X2F53H;
				GENERATE_INFOPLIST_FILE = YES;
				INFOPLIST_FILE = "MAPD714-TodoList/Info.plist";
				INFOPLIST_KEY_UIApplicationSupportsIndirectInputEvents = YES;
				INFOPLIST_KEY_UILaunchStoryboardName = LaunchScreen;
				INFOPLIST_KEY_UIMainStoryboardFile = Main;
				INFOPLIST_KEY_UISupportedInterfaceOrientations_iPad = "UIInterfaceOrientationPortrait UIInterfaceOrientationPortraitUpsideDown UIInterfaceOrientationLandscapeLeft UIInterfaceOrientationLandscapeRight";
				INFOPLIST_KEY_UISupportedInterfaceOrientations_iPhone = "UIInterfaceOrientationPortrait UIInterfaceOrientationLandscapeLeft UIInterfaceOrientationLandscapeRight";
				LD_RUNPATH_SEARCH_PATHS = (
					"$(inherited)",
					"@executable_path/Frameworks",
				);
				MARKETING_VERSION = 1.0;
				PRODUCT_BUNDLE_IDENTIFIER = "ca.centennialcollege.MAPD714-TodoList";
				PRODUCT_NAME = "$(TARGET_NAME)";
				SWIFT_EMIT_LOC_STRINGS = YES;
				SWIFT_VERSION = 5.0;
				TARGETED_DEVICE_FAMILY = "1,2";
			};
			name = Debug;
		};
		7AD478C8291C33C2004B4043 /* Release */ = {
			isa = XCBuildConfiguration;
			baseConfigurationReference = 1E205430B0885F189E504EC9 /* Pods-MAPD714-TodoList.release.xcconfig */;
			buildSettings = {
				ASSETCATALOG_COMPILER_APPICON_NAME = AppIcon;
				ASSETCATALOG_COMPILER_GLOBAL_ACCENT_COLOR_NAME = AccentColor;
				CODE_SIGN_STYLE = Automatic;
				CURRENT_PROJECT_VERSION = 1;
				DEVELOPMENT_TEAM = 9MR3X2F53H;
				GENERATE_INFOPLIST_FILE = YES;
				INFOPLIST_FILE = "MAPD714-TodoList/Info.plist";
				INFOPLIST_KEY_UIApplicationSupportsIndirectInputEvents = YES;
				INFOPLIST_KEY_UILaunchStoryboardName = LaunchScreen;
				INFOPLIST_KEY_UIMainStoryboardFile = Main;
				INFOPLIST_KEY_UISupportedInterfaceOrientations_iPad = "UIInterfaceOrientationPortrait UIInterfaceOrientationPortraitUpsideDown UIInterfaceOrientationLandscapeLeft UIInterfaceOrientationLandscapeRight";
				INFOPLIST_KEY_UISupportedInterfaceOrientations_iPhone = "UIInterfaceOrientationPortrait UIInterfaceOrientationLandscapeLeft UIInterfaceOrientationLandscapeRight";
				LD_RUNPATH_SEARCH_PATHS = (
					"$(inherited)",
					"@executable_path/Frameworks",
				);
				MARKETING_VERSION = 1.0;
				PRODUCT_BUNDLE_IDENTIFIER = "ca.centennialcollege.MAPD714-TodoList";
				PRODUCT_NAME = "$(TARGET_NAME)";
				SWIFT_EMIT_LOC_STRINGS = YES;
				SWIFT_VERSION = 5.0;
				TARGETED_DEVICE_FAMILY = "1,2";
			};
			name = Release;
		};
/* End XCBuildConfiguration section */

/* Begin XCConfigurationList section */
		7AD478AD291C33C2004B4043 /* Build configuration list for PBXProject "MAPD714-TodoList" */ = {
			isa = XCConfigurationList;
			buildConfigurations = (
				7AD478C4291C33C2004B4043 /* Debug */,
				7AD478C5291C33C2004B4043 /* Release */,
			);
			defaultConfigurationIsVisible = 0;
			defaultConfigurationName = Release;
		};
		7AD478C6291C33C2004B4043 /* Build configuration list for PBXNativeTarget "MAPD714-TodoList" */ = {
			isa = XCConfigurationList;
			buildConfigurations = (
				7AD478C7291C33C2004B4043 /* Debug */,
				7AD478C8291C33C2004B4043 /* Release */,
			);
			defaultConfigurationIsVisible = 0;
			defaultConfigurationName = Release;
		};
/* End XCConfigurationList section */

/* Begin XCRemoteSwiftPackageReference section */
		B1DEEBB0292C08A00002AFE4 /* XCRemoteSwiftPackageReference "firebase-ios-sdk" */ = {
			isa = XCRemoteSwiftPackageReference;
			repositoryURL = "https://github.com/firebase/firebase-ios-sdk";
			requirement = {
				kind = upToNextMajorVersion;
				minimumVersion = 9.0.0;
			};
		};
/* End XCRemoteSwiftPackageReference section */
	};
	rootObject = 7AD478AA291C33C2004B4043 /* Project object */;
}
